<?xml version="1.0" encoding="utf-8"?>
<Project ToolsVersion="4.0" xmlns="http://schemas.microsoft.com/developer/msbuild/2003">
  <ItemGroup>
    <Filter Include="assets">
      <UniqueIdentifier>{24240a51-8fdb-478f-8c1c-27cbca7adc3f}</UniqueIdentifier>
      <SourceControlFiles>False</SourceControlFiles>
    </Filter>
    <Filter Include="shaders">
      <UniqueIdentifier>{1d345cf5-0451-42e0-83a8-6a3f5a7203ca}</UniqueIdentifier>
    </Filter>
    <Filter Include="precompiled_headers">
      <UniqueIdentifier>{01a7b8ad-6f1e-486f-b173-7f12ab65fa3d}</UniqueIdentifier>
    </Filter>
    <Filter Include="source">
      <UniqueIdentifier>{1864a082-1e1c-4d66-82ea-437cc786ede4}</UniqueIdentifier>
    </Filter>
    <Filter Include="shader_includes">
      <UniqueIdentifier>{1f74b116-ce97-4400-9f4b-d94659189245}</UniqueIdentifier>
    </Filter>
    <Filter Include="shaders\rendering">
      <UniqueIdentifier>{014cd3d9-227a-4b80-9634-2f901bf4e552}</UniqueIdentifier>
    </Filter>
    <Filter Include="shaders\gpu_lists">
      <UniqueIdentifier>{526ebbc5-aba5-4dfa-b4b0-d7b43e505697}</UniqueIdentifier>
    </Filter>
    <Filter Include="shaders\neighborhood">
      <UniqueIdentifier>{5923b771-7853-4a33-b531-76fcf3f3eba5}</UniqueIdentifier>
    </Filter>
    <Filter Include="shaders\sorting">
      <UniqueIdentifier>{7cf27050-2152-48af-a706-b1268a44f2a9}</UniqueIdentifier>
    </Filter>
    <Filter Include="shaders\misc">
      <UniqueIdentifier>{04c65b15-30d4-4fc9-bcfc-9566fe501014}</UniqueIdentifier>
    </Filter>
    <Filter Include="source\neighborhood">
      <UniqueIdentifier>{d2e114be-3178-475a-a8b1-3079bf59f7ce}</UniqueIdentifier>
    </Filter>
    <Filter Include="source\neighborhood\gpu_lists">
      <UniqueIdentifier>{246668e9-445f-450e-a499-63aefa6de76d}</UniqueIdentifier>
    </Filter>
    <Filter Include="source\neighborhood\neighborhood_variants">
      <UniqueIdentifier>{8f7903e4-29e4-445a-aa3d-86d35e50b6e3}</UniqueIdentifier>
    </Filter>
    <Filter Include="source\scenes">
      <UniqueIdentifier>{8ac2a7ab-125d-46d2-8d10-526b307dacf5}</UniqueIdentifier>
    </Filter>
  </ItemGroup>
  <ItemGroup>
    <None Include="gears_vk\assets\1st_party\models\sphere.obj">
      <Filter>assets</Filter>
    </None>
    <None Include="gears_vk\assets\1st_party\models\icosahedron.obj">
      <Filter>assets</Filter>
    </None>
    <None Include="shaders\neighbor_add.glsl">
      <Filter>shader_includes</Filter>
    </None>
    <None Include="shaders\append_list.comp">
      <Filter>shaders\gpu_lists</Filter>
    </None>
    <None Include="shaders\color.frag">
      <Filter>shaders\rendering</Filter>
    </None>
    <None Include="shaders\instanced.vert">
      <Filter>shaders\rendering</Filter>
    </None>
    <None Include="shaders\atomic_swap.comp">
      <Filter>shaders\gpu_lists</Filter>
    </None>
    <None Include="shaders\copy_scattered_read.comp">
      <Filter>shaders\gpu_lists</Filter>
    </None>
    <None Include="shaders\copy_with_differing_stride.comp">
      <Filter>shaders\gpu_lists</Filter>
    </None>
    <None Include="shaders\find_value_changes.comp">
      <Filter>shaders\gpu_lists</Filter>
    </None>
    <None Include="shaders\find_value_ranges.comp">
      <Filter>shaders\neighborhood</Filter>
    </None>
    <None Include="shaders\generate_new_index_and_edit_list.comp">
      <Filter>shaders\gpu_lists</Filter>
    </None>
    <None Include="shaders\linked_list_to_neighbor_list.comp">
      <Filter>shaders\neighborhood</Filter>
    </None>
    <None Include="shaders\prefix_sum_apply_on_block_level.comp">
      <Filter>shaders\sorting</Filter>
    </None>
    <None Include="shaders\prefix_sum_spread_from_block_level.comp">
      <Filter>shaders\sorting</Filter>
    </None>
    <None Include="shaders\radix_sort_apply_on_block_level.comp">
      <Filter>shaders\sorting</Filter>
    </None>
    <None Include="shaders\radix_sort_scattered_write.comp">
      <Filter>shaders\sorting</Filter>
    </None>
    <None Include="shaders\scattered_write.comp">
      <Filter>shaders\gpu_lists</Filter>
    </None>
    <None Include="shaders\dispatch_indirect.comp">
      <Filter>shaders\misc</Filter>
    </None>
    <None Include="shaders\uint_to_float.comp">
      <Filter>shaders\misc</Filter>
    </None>
    <None Include="shaders\write_increasing_sequence.comp">
      <Filter>shaders\gpu_lists</Filter>
    </None>
    <None Include="shaders\write_increasing_sequence_from_to.comp">
      <Filter>shaders\gpu_lists</Filter>
    </None>
    <None Include="shaders\write_sequence.comp">
      <Filter>shaders\gpu_lists</Filter>
    </None>
    <None Include="shaders\write_sequence_float.comp">
      <Filter>shaders\misc</Filter>
    </None>
    <None Include="shaders\calculate_position_code.comp">
      <Filter>shaders\neighborhood</Filter>
    </None>
    <None Include="shaders\calculate_position_hash.comp">
      <Filter>shaders\neighborhood</Filter>
    </None>
    <None Include="shaders\generate_acceleration_structure_instances.comp">
      <Filter>shaders\neighborhood</Filter>
    </None>
    <None Include="shaders\neighborhood_binary_search.comp">
      <Filter>shaders\neighborhood</Filter>
    </None>
    <None Include="shaders\neighborhood_brute_force.comp">
      <Filter>shaders\neighborhood</Filter>
    </None>
    <None Include="shaders\neighborhood_green.comp">
      <Filter>shaders\neighborhood</Filter>
    </None>
    <None Include="shaders\neighborhood_rtx.comp">
      <Filter>shaders\neighborhood</Filter>
    </None>
  </ItemGroup>
  <ItemGroup>
    <ClCompile Include="source\stdafx.cpp">
      <Filter>precompiled_headers</Filter>
    </ClCompile>
    <ClCompile Include="source\main.cpp">
      <Filter>source</Filter>
    </ClCompile>
    <ClCompile Include="source\shader_provider.cpp">
      <Filter>source\neighborhood</Filter>
    </ClCompile>
    <ClCompile Include="source\test.cpp">
      <Filter>source\neighborhood</Filter>
    </ClCompile>
    <ClCompile Include="source\algorithms.cpp">
      <Filter>source\neighborhood</Filter>
    </ClCompile>
    <ClCompile Include="source\neighborhood_brute_force.cpp">
      <Filter>source\neighborhood\neighborhood_variants</Filter>
    </ClCompile>
    <ClCompile Include="source\measurements.cpp">
      <Filter>source</Filter>
    </ClCompile>
    <ClCompile Include="source\neighborhood_green.cpp">
      <Filter>source\neighborhood\neighborhood_variants</Filter>
    </ClCompile>
    <ClCompile Include="source\neighborhood_rtx.cpp">
      <Filter>source\neighborhood\neighborhood_variants</Filter>
    </ClCompile>
    <ClCompile Include="source\settings.cpp">
      <Filter>source\neighborhood</Filter>
    </ClCompile>
    <ClCompile Include="source\neighborhood_binary_search.cpp">
      <Filter>source\neighborhood\neighborhood_variants</Filter>
    </ClCompile>
    <ClCompile Include="source\gpu_list_data.cpp">
      <Filter>source\neighborhood\gpu_lists</Filter>
    </ClCompile>
    <ClCompile Include="source\randomParticles.cpp">
      <Filter>source\scenes</Filter>
    </ClCompile>
  </ItemGroup>
  <ItemGroup>
    <ClInclude Include="source\stdafx.hpp">
      <Filter>precompiled_headers</Filter>
    </ClInclude>
    <ClInclude Include="source\targetver.hpp">
      <Filter>precompiled_headers</Filter>
    </ClInclude>
    <ClInclude Include="source\shader_provider.h">
      <Filter>source\neighborhood</Filter>
    </ClInclude>
    <ClInclude Include="source\gpu_list.h">
      <Filter>source\neighborhood\gpu_lists</Filter>
    </ClInclude>
    <ClInclude Include="source\list_definitions.h">
      <Filter>source\neighborhood\gpu_lists</Filter>
    </ClInclude>
    <ClInclude Include="source\list_interface.h">
      <Filter>source\neighborhood\gpu_lists</Filter>
    </ClInclude>
    <ClInclude Include="source\test.h">
      <Filter>source\neighborhood</Filter>
    </ClInclude>
    <ClInclude Include="source\uninterleaved_list.h">
      <Filter>source\neighborhood\gpu_lists</Filter>
    </ClInclude>
    <ClInclude Include="source\indexed_list.h">
      <Filter>source\neighborhood\gpu_lists</Filter>
    </ClInclude>
    <ClInclude Include="source\algorithms.h">
      <Filter>source\neighborhood</Filter>
    </ClInclude>
    <ClInclude Include="source\neighborhood_brute_force.h">
      <Filter>source\neighborhood\neighborhood_variants</Filter>
    </ClInclude>
    <ClInclude Include="source\measurements.h">
      <Filter>source</Filter>
    </ClInclude>
    <ClInclude Include="source\neighborhood_green.h">
      <Filter>source\neighborhood\neighborhood_variants</Filter>
    </ClInclude>
    <ClInclude Include="source\neighborhood_rtx.h">
      <Filter>source\neighborhood\neighborhood_variants</Filter>
    </ClInclude>
    <ClInclude Include="source\settings.h">
      <Filter>source\neighborhood</Filter>
    </ClInclude>
    <ClInclude Include="shaders\cpu_gpu_shared_config.h">
      <Filter>shader_includes</Filter>
    </ClInclude>
    <ClInclude Include="shaders\kernels.glsl">
      <Filter>shader_includes</Filter>
    </ClInclude>
    <ClInclude Include="source\neighborhood_binary_search.h">
      <Filter>source\neighborhood\neighborhood_variants</Filter>
    </ClInclude>
    <ClInclude Include="source\gpu_list_data.h">
      <Filter>source\neighborhood\gpu_lists</Filter>
    </ClInclude>
    <ClInclude Include="source\randomParticles.h">
      <Filter>source\scenes</Filter>
    </ClInclude>
  </ItemGroup>
</Project>